
Microsoft Visual Studio Solution File, Format Version 11.00
# Visual Studio 2010
Project("{FAE04EC0-301F-11D3-BF4B-00C04F79EFBC}") = "Plovr", "Plovr\Plovr.csproj", "{3FC99EB4-5FD8-4EB0-BEC3-BEB1872C8199}"
EndProject
Project("{FAE04EC0-301F-11D3-BF4B-00C04F79EFBC}") = "Plovr.Test.ASPNETApplication", "Plovr.Test.ASPNETApplication\Plovr.Test.ASPNETApplication.csproj", "{232085C5-9790-43CB-B391-DD733424EDC7}"
EndProject
Project("{2150E333-8FDC-42A3-9474-1A3956D46DE8}") = "Config", "Config", "{FCB1A4FB-FB22-4A7E-ABD5-4D46E189BD72}"
	ProjectSection(SolutionItems) = preProject
		config\plovr-MessageSystem-config.js = config\plovr-MessageSystem-config.js
		config\test-calendar-config.js = config\test-calendar-config.js
		config\test-jquery-config.js = config\test-jquery-config.js
		config\test-sayhi-config.js = config\test-sayhi-config.js
		config\test-Soy-config.js = config\test-Soy-config.js
		config\test-tooltip-config.js = config\test-tooltip-config.js
	EndProjectSection
EndProject
Global
	GlobalSection(SolutionConfigurationPlatforms) = preSolution
		Debug|Any CPU = Debug|Any CPU
		Debug|Mixed Platforms = Debug|Mixed Platforms
		Debug|x86 = Debug|x86
		Release|Any CPU = Release|Any CPU
		Release|Mixed Platforms = Release|Mixed Platforms
		Release|x86 = Release|x86
	EndGlobalSection
	GlobalSection(ProjectConfigurationPlatforms) = postSolution
		{3FC99EB4-5FD8-4EB0-BEC3-BEB1872C8199}.Debug|Any CPU.ActiveCfg = Debug|Any CPU
		{3FC99EB4-5FD8-4EB0-BEC3-BEB1872C8199}.Debug|Any CPU.Build.0 = Debug|Any CPU
		{3FC99EB4-5FD8-4EB0-BEC3-BEB1872C8199}.Debug|Mixed Platforms.ActiveCfg = Debug|Any CPU
		{3FC99EB4-5FD8-4EB0-BEC3-BEB1872C8199}.Debug|Mixed Platforms.Build.0 = Debug|Any CPU
		{3FC99EB4-5FD8-4EB0-BEC3-BEB1872C8199}.Debug|x86.ActiveCfg = Debug|Any CPU
		{3FC99EB4-5FD8-4EB0-BEC3-BEB1872C8199}.Release|Any CPU.ActiveCfg = Release|Any CPU
		{3FC99EB4-5FD8-4EB0-BEC3-BEB1872C8199}.Release|Any CPU.Build.0 = Release|Any CPU
		{3FC99EB4-5FD8-4EB0-BEC3-BEB1872C8199}.Release|Mixed Platforms.ActiveCfg = Release|Any CPU
		{3FC99EB4-5FD8-4EB0-BEC3-BEB1872C8199}.Release|Mixed Platforms.Build.0 = Release|Any CPU
		{3FC99EB4-5FD8-4EB0-BEC3-BEB1872C8199}.Release|x86.ActiveCfg = Release|Any CPU
		{232085C5-9790-43CB-B391-DD733424EDC7}.Debug|Any CPU.ActiveCfg = Debug|Any CPU
		{232085C5-9790-43CB-B391-DD733424EDC7}.Debug|Any CPU.Build.0 = Debug|Any CPU
		{232085C5-9790-43CB-B391-DD733424EDC7}.Debug|Mixed Platforms.ActiveCfg = Debug|Any CPU
		{232085C5-9790-43CB-B391-DD733424EDC7}.Debug|Mixed Platforms.Build.0 = Debug|Any CPU
		{232085C5-9790-43CB-B391-DD733424EDC7}.Debug|x86.ActiveCfg = Debug|Any CPU
		{232085C5-9790-43CB-B391-DD733424EDC7}.Release|Any CPU.ActiveCfg = Release|Any CPU
		{232085C5-9790-43CB-B391-DD733424EDC7}.Release|Any CPU.Build.0 = Release|Any CPU
		{232085C5-9790-43CB-B391-DD733424EDC7}.Release|Mixed Platforms.ActiveCfg = Release|Any CPU
		{232085C5-9790-43CB-B391-DD733424EDC7}.Release|Mixed Platforms.Build.0 = Release|Any CPU
		{232085C5-9790-43CB-B391-DD733424EDC7}.Release|x86.ActiveCfg = Release|Any CPU
	EndGlobalSection
	GlobalSection(SolutionProperties) = preSolution
		HideSolutionNode = FALSE
	EndGlobalSection
EndGlobal
